// !$*UTF8*$!
{
	archiveVersion = 1;
	classes = {
	};
	objectVersion = 50;
	objects = {

/* Begin PBXBuildFile section */
		6EB7FA1F213B35FE005E7F7C /* AppDelegate.swift in Sources */ = {isa = PBXBuildFile; fileRef = 6EB7FA1E213B35FE005E7F7C /* AppDelegate.swift */; };
		6EB7FA21213B35FE005E7F7C /* CategoriesVC.swift in Sources */ = {isa = PBXBuildFile; fileRef = 6EB7FA20213B35FE005E7F7C /* CategoriesVC.swift */; };
		6EB7FA24213B35FE005E7F7C /* Main.storyboard in Resources */ = {isa = PBXBuildFile; fileRef = 6EB7FA22213B35FE005E7F7C /* Main.storyboard */; };
		6EB7FA26213B360B005E7F7C /* Assets.xcassets in Resources */ = {isa = PBXBuildFile; fileRef = 6EB7FA25213B360B005E7F7C /* Assets.xcassets */; };
		6EB7FA29213B360B005E7F7C /* LaunchScreen.storyboard in Resources */ = {isa = PBXBuildFile; fileRef = 6EB7FA27213B360B005E7F7C /* LaunchScreen.storyboard */; };
		6EB7FA34213B42EE005E7F7C /* CategoryCell.swift in Sources */ = {isa = PBXBuildFile; fileRef = 6EB7FA33213B42EE005E7F7C /* CategoryCell.swift */; };
		6ECBFEDD21638577000C1FB0 /* ProductCell.swift in Sources */ = {isa = PBXBuildFile; fileRef = 6ECBFEDC21638577000C1FB0 /* ProductCell.swift */; };
		6EE4704E216227DA00163165 /* Category.swift in Sources */ = {isa = PBXBuildFile; fileRef = 6EE4704D216227DA00163165 /* Category.swift */; };
		6EE47051216231D000163165 /* DataService.swift in Sources */ = {isa = PBXBuildFile; fileRef = 6EE47050216231D000163165 /* DataService.swift */; };
/* End PBXBuildFile section */

/* Begin PBXFileReference section */
		6EB7FA1B213B35FE005E7F7C /* coder-swag.app */ = {isa = PBXFileReference; explicitFileType = wrapper.application; includeInIndex = 0; path = "coder-swag.app"; sourceTree = BUILT_PRODUCTS_DIR; };
		6EB7FA1E213B35FE005E7F7C /* AppDelegate.swift */ = {isa = PBXFileReference; lastKnownFileType = sourcecode.swift; path = AppDelegate.swift; sourceTree = "<group>"; };
		6EB7FA20213B35FE005E7F7C /* CategoriesVC.swift */ = {isa = PBXFileReference; lastKnownFileType = sourcecode.swift; path = CategoriesVC.swift; sourceTree = "<group>"; };
		6EB7FA23213B35FE005E7F7C /* Base */ = {isa = PBXFileReference; lastKnownFileType = file.storyboard; name = Base; path = Base.lproj/Main.storyboard; sourceTree = "<group>"; };
		6EB7FA25213B360B005E7F7C /* Assets.xcassets */ = {isa = PBXFileReference; lastKnownFileType = folder.assetcatalog; path = Assets.xcassets; sourceTree = "<group>"; };
		6EB7FA28213B360B005E7F7C /* Base */ = {isa = PBXFileReference; lastKnownFileType = file.storyboard; name = Base; path = Base.lproj/LaunchScreen.storyboard; sourceTree = "<group>"; };
		6EB7FA2A213B360B005E7F7C /* Info.plist */ = {isa = PBXFileReference; lastKnownFileType = text.plist.xml; path = Info.plist; sourceTree = "<group>"; };
		6EB7FA33213B42EE005E7F7C /* CategoryCell.swift */ = {isa = PBXFileReference; lastKnownFileType = sourcecode.swift; path = CategoryCell.swift; sourceTree = "<group>"; };
		6ECBFEDC21638577000C1FB0 /* ProductCell.swift */ = {isa = PBXFileReference; lastKnownFileType = sourcecode.swift; path = ProductCell.swift; sourceTree = "<group>"; };
		6EE4704D216227DA00163165 /* Category.swift */ = {isa = PBXFileReference; lastKnownFileType = sourcecode.swift; path = Category.swift; sourceTree = "<group>"; };
		6EE47050216231D000163165 /* DataService.swift */ = {isa = PBXFileReference; lastKnownFileType = sourcecode.swift; path = DataService.swift; sourceTree = "<group>"; };
/* End PBXFileReference section */

/* Begin PBXFrameworksBuildPhase section */
		6EB7FA18213B35FE005E7F7C /* Frameworks */ = {
			isa = PBXFrameworksBuildPhase;
			buildActionMask = 2147483647;
			files = (
			);
			runOnlyForDeploymentPostprocessing = 0;
		};
/* End PBXFrameworksBuildPhase section */

/* Begin PBXGroup section */
		6EB7FA12213B35FE005E7F7C = {
			isa = PBXGroup;
			children = (
				6EB7FA1D213B35FE005E7F7C /* coder-swag */,
				6EB7FA1C213B35FE005E7F7C /* Products */,
			);
			sourceTree = "<group>";
		};
		6EB7FA1C213B35FE005E7F7C /* Products */ = {
			isa = PBXGroup;
			children = (
				6EB7FA1B213B35FE005E7F7C /* coder-swag.app */,
			);
			name = Products;
			sourceTree = "<group>";
		};
		6EB7FA1D213B35FE005E7F7C /* coder-swag */ = {
			isa = PBXGroup;
			children = (
				6EE4704F216231A000163165 /* Services */,
				6EB7FA32213B4230005E7F7C /* View */,
				6EB7FA31213B421E005E7F7C /* Model */,
				6EB7FA30213B4208005E7F7C /* Controller */,
				6EB7FA1E213B35FE005E7F7C /* AppDelegate.swift */,
				6EB7FA22213B35FE005E7F7C /* Main.storyboard */,
				6EB7FA25213B360B005E7F7C /* Assets.xcassets */,
				6EB7FA27213B360B005E7F7C /* LaunchScreen.storyboard */,
				6EB7FA2A213B360B005E7F7C /* Info.plist */,
			);
			path = "coder-swag";
			sourceTree = "<group>";
		};
		6EB7FA30213B4208005E7F7C /* Controller */ = {
			isa = PBXGroup;
			children = (
				6EB7FA20213B35FE005E7F7C /* CategoriesVC.swift */,
			);
			path = Controller;
			sourceTree = "<group>";
		};
		6EB7FA31213B421E005E7F7C /* Model */ = {
			isa = PBXGroup;
			children = (
				6EE4704D216227DA00163165 /* Category.swift */,
			);
			path = Model;
			sourceTree = "<group>";
		};
		6EB7FA32213B4230005E7F7C /* View */ = {
			isa = PBXGroup;
			children = (
				6EB7FA33213B42EE005E7F7C /* CategoryCell.swift */,
				6ECBFEDC21638577000C1FB0 /* ProductCell.swift */,
			);
			path = View;
			sourceTree = "<group>";
		};
		6EE4704F216231A000163165 /* Services */ = {
			isa = PBXGroup;
			children = (
				6EE47050216231D000163165 /* DataService.swift */,
			);
			path = Services;
			sourceTree = "<group>";
		};
/* End PBXGroup section */

/* Begin PBXNativeTarget section */
		6EB7FA1A213B35FE005E7F7C /* coder-swag */ = {
			isa = PBXNativeTarget;
			buildConfigurationList = 6EB7FA2D213B360B005E7F7C /* Build configuration list for PBXNativeTarget "coder-swag" */;
			buildPhases = (
				6EB7FA17213B35FE005E7F7C /* Sources */,
				6EB7FA18213B35FE005E7F7C /* Frameworks */,
				6EB7FA19213B35FE005E7F7C /* Resources */,
			);
			buildRules = (
			);
			dependencies = (
			);
			name = "coder-swag";
			productName = "coder-swag";
			productReference = 6EB7FA1B213B35FE005E7F7C /* coder-swag.app */;
			productType = "com.apple.product-type.application";
		};
/* End PBXNativeTarget section */

/* Begin PBXProject section */
		6EB7FA13213B35FE005E7F7C /* Project object */ = {
			isa = PBXProject;
			attributes = {
				LastSwiftUpdateCheck = 0930;
				LastUpgradeCheck = 0930;
				ORGANIZATIONNAME = "Darrel Jones";
				TargetAttributes = {
					6EB7FA1A213B35FE005E7F7C = {
						CreatedOnToolsVersion = 9.3;
					};
				};
			};
			buildConfigurationList = 6EB7FA16213B35FE005E7F7C /* Build configuration list for PBXProject "coder-swag" */;
			compatibilityVersion = "Xcode 9.3";
			developmentRegion = en;
			hasScannedForEncodings = 0;
			knownRegions = (
				en,
				Base,
			);
			mainGroup = 6EB7FA12213B35FE005E7F7C;
			productRefGroup = 6EB7FA1C213B35FE005E7F7C /* Products */;
			projectDirPath = "";
			projectRoot = "";
			targets = (
				6EB7FA1A213B35FE005E7F7C /* coder-swag */,
			);
		};
/* End PBXProject section */

/* Begin PBXResourcesBuildPhase section */
		6EB7FA19213B35FE005E7F7C /* Resources */ = {
			isa = PBXResourcesBuildPhase;
			buildActionMask = 2147483647;
			files = (
				6EB7FA29213B360B005E7F7C /* LaunchScreen.storyboard in Resources */,
				6EB7FA26213B360B005E7F7C /* Assets.xcassets in Resources */,
				6EB7FA24213B35FE005E7F7C /* Main.storyboard in Resources */,
			);
			runOnlyForDeploymentPostprocessing = 0;
		};
/* End PBXResourcesBuildPhase section */

/* Begin PBXSourcesBuildPhase section */
		6EB7FA17213B35FE005E7F7C /* Sources */ = {
			isa = PBXSourcesBuildPhase;
			buildActionMask = 2147483647;
			files = (
				6EB7FA21213B35FE005E7F7C /* CategoriesVC.swift in Sources */,
				6EB7FA1F213B35FE005E7F7C /* AppDelegate.swift in Sources */,
				6EB7FA34213B42EE005E7F7C /* CategoryCell.swift in Sources */,
				6ECBFEDD21638577000C1FB0 /* ProductCell.swift in Sources */,
				6EE4704E216227DA00163165 /* Category.swift in Sources */,
				6EE47051216231D000163165 /* DataService.swift in Sources */,
			);
			runOnlyForDeploymentPostprocessing = 0;
		};
/* End PBXSourcesBuildPhase section */

/* Begin PBXVariantGroup section */
		6EB7FA22213B35FE005E7F7C /* Main.storyboard */ = {
			isa = PBXVariantGroup;
			children = (
				6EB7FA23213B35FE005E7F7C /* Base */,
			);
			name = Main.storyboard;
			sourceTree = "<group>";
		};
		6EB7FA27213B360B005E7F7C /* LaunchScreen.storyboard */ = {
			isa = PBXVariantGroup;
			children = (
				6EB7FA28213B360B005E7F7C /* Base */,
			);
			name = LaunchScreen.storyboard;
			sourceTree = "<group>";
		};
/* End PBXVariantGroup section */

/* Begin XCBuildConfiguration section */
		6EB7FA2B213B360B005E7F7C /* Debug */ = {
			isa = XCBuildConfiguration;
			buildSettings = {
				ALWAYS_SEARCH_USER_PATHS = NO;
				CLANG_ANALYZER_NONNULL = YES;
				CLANG_ANALYZER_NUMBER_OBJECT_CONVERSION = YES_AGGRESSIVE;
				CLANG_CXX_LANGUAGE_STANDARD = "gnu++14";
				CLANG_CXX_LIBRARY = "libc++";
				CLANG_ENABLE_MODULES = YES;
				CLANG_ENABLE_OBJC_ARC = YES;
				CLANG_ENABLE_OBJC_WEAK = YES;
				CLANG_WARN_BLOCK_CAPTURE_AUTORELEASING = YES;
				CLANG_WARN_BOOL_CONVERSION = YES;
				CLANG_WARN_COMMA = YES;
				CLANG_WARN_CONSTANT_CONVERSION = YES;
				CLANG_WARN_DEPRECATED_OBJC_IMPLEMENTATIONS = YES;
				CLANG_WARN_DIRECT_OBJC_ISA_USAGE = YES_ERROR;
				CLANG_WARN_DOCUMENTATION_COMMENTS = YES;
				CLANG_WARN_EMPTY_BODY = YES;
				CLANG_WARN_ENUM_CONVERSION = YES;
				CLANG_WARN_INFINITE_RECURSION = YES;
				CLANG_WARN_INT_CONVERSION = YES;
				CLANG_WARN_NON_LITERAL_NULL_CONVERSION = YES;
				CLANG_WARN_OBJC_IMPLICIT_RETAIN_SELF = YES;
				CLANG_WARN_OBJC_LITERAL_CONVERSION = YES;
				CLANG_WARN_OBJC_ROOT_CLASS = YES_ERROR;
				CLANG_WARN_RANGE_LOOP_ANALYSIS = YES;
				CLANG_WARN_STRICT_PROTOTYPES = YES;
				CLANG_WARN_SUSPICIOUS_MOVE = YES;
				CLANG_WARN_UNGUARDED_AVAILABILITY = YES_AGGRESSIVE;
				CLANG_WARN_UNREACHABLE_CODE = YES;
				CLANG_WARN__DUPLICATE_METHOD_MATCH = YES;
				CODE_SIGN_IDENTITY = "iPhone Developer";
				COPY_PHASE_STRIP = NO;
				DEBUG_INFORMATION_FORMAT = dwarf;
				ENABLE_STRICT_OBJC_MSGSEND = YES;
				ENABLE_TESTABILITY = YES;
				GCC_C_LANGUAGE_STANDARD = gnu11;
				GCC_DYNAMIC_NO_PIC = NO;
				GCC_NO_COMMON_BLOCKS = YES;
				GCC_OPTIMIZATION_LEVEL = 0;
				GCC_PREPROCESSOR_DEFINITIONS = (
					"DEBUG=1",
					"$(inherited)",
				);
				GCC_WARN_64_TO_32_BIT_CONVERSION = YES;
				GCC_WARN_ABOUT_RETURN_TYPE = YES_ERROR;
				GCC_WARN_UNDECLARED_SELECTOR = YES;
				GCC_WARN_UNINITIALIZED_AUTOS = YES_AGGRESSIVE;
				GCC_WARN_UNUSED_FUNCTION = YES;
				GCC_WARN_UNUSED_VARIABLE = YES;
				IPHONEOS_DEPLOYMENT_TARGET = 11.3;
				MTL_ENABLE_DEBUG_INFO = YES;
				ONLY_ACTIVE_ARCH = YES;
				SDKROOT = iphoneos;
				SWIFT_ACTIVE_COMPILATION_CONDITIONS = DEBUG;
				SWIFT_OPTIMIZATION_LEVEL = "-Onone";
			};
			name = Debug;
		};
		6EB7FA2C213B360B005E7F7C /* Release */ = {
			isa = XCBuildConfiguration;
			buildSettings = {
				ALWAYS_SEARCH_USER_PATHS = NO;
				CLANG_ANALYZER_NONNULL = YES;
				CLANG_ANALYZER_NUMBER_OBJECT_CONVERSION = YES_AGGRESSIVE;
				CLANG_CXX_LANGUAGE_STANDARD = "gnu++14";
				CLANG_CXX_LIBRARY = "libc++";
				CLANG_ENABLE_MODULES = YES;
				CLANG_ENABLE_OBJC_ARC = YES;
				CLANG_ENABLE_OBJC_WEAK = YES;
				CLANG_WARN_BLOCK_CAPTURE_AUTORELEASING = YES;
				CLANG_WARN_BOOL_CONVERSION = YES;
				CLANG_WARN_COMMA = YES;
				CLANG_WARN_CONSTANT_CONVERSION = YES;
				CLANG_WARN_DEPRECATED_OBJC_IMPLEMENTATIONS = YES;
				CLANG_WARN_DIRECT_OBJC_ISA_USAGE = YES_ERROR;
				CLANG_WARN_DOCUMENTATION_COMMENTS = YES;
				CLANG_WARN_EMPTY_BODY = YES;
				CLANG_WARN_ENUM_CONVERSION = YES;
				CLANG_WARN_INFINITE_RECURSION = YES;
				CLANG_WARN_INT_CONVERSION = YES;
				CLANG_WARN_NON_LITERAL_NULL_CONVERSION = YES;
				CLANG_WARN_OBJC_IMPLICIT_RETAIN_SELF = YES;
				CLANG_WARN_OBJC_LITERAL_CONVERSION = YES;
				CLANG_WARN_OBJC_ROOT_CLASS = YES_ERROR;
				CLANG_WARN_RANGE_LOOP_ANALYSIS = YES;
				CLANG_WARN_STRICT_PROTOTYPES = YES;
				CLANG_WARN_SUSPICIOUS_MOVE = YES;
				CLANG_WARN_UNGUARDED_AVAILABILITY = YES_AGGRESSIVE;
				CLANG_WARN_UNREACHABLE_CODE = YES;
				CLANG_WARN__DUPLICATE_METHOD_MATCH = YES;
				CODE_SIGN_IDENTITY = "iPhone Developer";
				COPY_PHASE_STRIP = NO;
				DEBUG_INFORMATION_FORMAT = "dwarf-with-dsym";
				ENABLE_NS_ASSERTIONS = NO;
				ENABLE_STRICT_OBJC_MSGSEND = YES;
				GCC_C_LANGUAGE_STANDARD = gnu11;
				GCC_NO_COMMON_BLOCKS = YES;
				GCC_WARN_64_TO_32_BIT_CONVERSION = YES;
				GCC_WARN_ABOUT_RETURN_TYPE = YES_ERROR;
				GCC_WARN_UNDECLARED_SELECTOR = YES;
				GCC_WARN_UNINITIALIZED_AUTOS = YES_AGGRESSIVE;
				GCC_WARN_UNUSED_FUNCTION = YES;
				GCC_WARN_UNUSED_VARIABLE = YES;
				IPHONEOS_DEPLOYMENT_TARGET = 11.3;
				MTL_ENABLE_DEBUG_INFO = NO;
				SDKROOT = iphoneos;
				SWIFT_COMPILATION_MODE = wholemodule;
				SWIFT_OPTIMIZATION_LEVEL = "-O";
				VALIDATE_PRODUCT = YES;
			};
			name = Release;
		};
		6EB7FA2E213B360B005E7F7C /* Debug */ = {
			isa = XCBuildConfiguration;
			buildSettings = {
				ASSETCATALOG_COMPILER_APPICON_NAME = AppIcon;
				CODE_SIGN_STYLE = Automatic;
				DEVELOPMENT_TEAM = LVGS62PH7K;
				INFOPLIST_FILE = "coder-swag/Info.plist";
				IPHONEOS_DEPLOYMENT_TARGET = 11.0;
				LD_RUNPATH_SEARCH_PATHS = (
					"$(inherited)",
					"@executable_path/Frameworks",
				);
				PRODUCT_BUNDLE_IDENTIFIER = "Hustle.coder-swag";
				PRODUCT_NAME = "$(TARGET_NAME)";
				SWIFT_VERSION = 4.0;
				TARGETED_DEVICE_FAMILY = "1,2";
			};
			name = Debug;
		};
		6EB7FA2F213B360B005E7F7C /* Release */ = {
			isa = XCBuildConfiguration;
			buildSettings = {
				ASSETCATALOG_COMPILER_APPICON_NAME = AppIcon;
				CODE_SIGN_STYLE = Automatic;
				DEVELOPMENT_TEAM = LVGS62PH7K;
				INFOPLIST_FILE = "coder-swag/Info.plist";
				IPHONEOS_DEPLOYMENT_TARGET = 11.0;
				LD_RUNPATH_SEARCH_PATHS = (
					"$(inherited)",
					"@executable_path/Frameworks",
				);
				PRODUCT_BUNDLE_IDENTIFIER = "Hustle.coder-swag";
				PRODUCT_NAME = "$(TARGET_NAME)";
				SWIFT_VERSION = 4.0;
				TARGETED_DEVICE_FAMILY = "1,2";
			};
			name = Release;
		};
/* End XCBuildConfiguration section */

/* Begin XCConfigurationList section */
		6EB7FA16213B35FE005E7F7C /* Build configuration list for PBXProject "coder-swag" */ = {
			isa = XCConfigurationList;
			buildConfigurations = (
				6EB7FA2B213B360B005E7F7C /* Debug */,
				6EB7FA2C213B360B005E7F7C /* Release */,
			);
			defaultConfigurationIsVisible = 0;
			defaultConfigurationName = Release;
		};
		6EB7FA2D213B360B005E7F7C /* Build configuration list for PBXNativeTarget "coder-swag" */ = {
			isa = XCConfigurationList;
			buildConfigurations = (
				6EB7FA2E213B360B005E7F7C /* Debug */,
				6EB7FA2F213B360B005E7F7C /* Release */,
			);
			defaultConfigurationIsVisible = 0;
			defaultConfigurationName = Release;
		};
/* End XCConfigurationList section */
	};
	rootObject = 6EB7FA13213B35FE005E7F7C /* Project object */;
}
